{
  "name": "simple-fifo-queue",
  "version": "1.0.1",
  "lockfileVersion": 1,
  "requires": true,
  "dependencies": {
    "assert-testing": {
      "version": "1.0.9",
      "resolved": "https://registry.npmjs.org/assert-testing/-/assert-testing-1.0.9.tgz",
      "integrity": "sha512-ZMSq+xgejoK8u8aRXdQyAOm4vLekkMcDU7zEMiZouNuH8NAgvBIh3G9sNqT8vgeXyFb2cli8X5YwuimFb3LMug=="
    },
    "simple-double-linked-list": {
      "version": "1.0.3",
      "resolved": "https://registry.npmjs.org/simple-double-linked-list/-/simple-double-linked-list-1.0.3.tgz",
      "integrity": "sha512-03xeVMP3YkEUwzpapgfBlkm7NhkORKAylv2Iuln15ps3ctC783FDkY9S3ER3fdhsZJ5Uf8LCR6JGeBF9w1pnsQ==",
      "requires": {
        "assert-testing": "^1.0.8"
      }
    }
  }
}
